{
  "version": 1,
  "dependencies": {
    "net10.0": {
      "Clipper2": {
        "type": "Direct",
        "requested": "[2.0.0, )",
        "resolved": "2.0.0",
        "contentHash": "2X23RZxJrjRjOSZc20aqXY9jpmHLekDRy4PIMfrsi2LPNzxFYlnuqzX/nLdk77fbURHUeX+gMhUn2a1z9/wMTQ=="
      },
      "polylinekit.clipper": {
        "type": "Project",
        "dependencies": {
          "Clipper2": "[2.0.0, )",
          "PolylineKit.Core": "[0.1.0-alpha.1, )"
        }
      },
      "polylinekit.core": {
        "type": "Project"
      }
    }
  }
}