{
  "version": 1,
  "dependencies": {
    "net10.0": {
      "Clipper2": {
        "type": "Transitive",
        "resolved": "2.0.0",
        "contentHash": "2X23RZxJrjRjOSZc20aqXY9jpmHLekDRy4PIMfrsi2LPNzxFYlnuqzX/nLdk77fbURHUeX+gMhUn2a1z9/wMTQ=="
      },
      "polylinekit": {
        "type": "Project",
        "dependencies": {
          "Clipper2": "[2.0.0, )"
        }
      },
      "polylinekit.recognition": {
        "type": "Project",
        "dependencies": {
          "PolylineKit": "[0.1.0-alpha.1, )"
        }
      }
    }
  }
}